
Microsoft Visual Studio Solution File, Format Version 12.00
# Visual Studio Version 17
VisualStudioVersion = 17.11.35222.181
MinimumVisualStudioVersion = 10.0.40219.1
Project("{FAE04EC0-301F-11D3-BF4B-00C04F79EFBC}") = "GitTest", "GitTest\GitTest.csproj", "{D7CAACE8-518F-4827-9A13-C48F2CC82ABF}"
EndProject
Global
	GlobalSection(SolutionConfigurationPlatforms) = preSolution
		Debug|Any CPU = Debug|Any CPU
		Release|Any CPU = Release|Any CPU
	EndGlobalSection
	GlobalSection(ProjectConfigurationPlatforms) = postSolution
		{D7CAACE8-518F-4827-9A13-C48F2CC82ABF}.Debug|Any CPU.ActiveCfg = Debug|Any CPU
		{D7CAACE8-518F-4827-9A13-C48F2CC82ABF}.Debug|Any CPU.Build.0 = Debug|Any CPU
		{D7CAACE8-518F-4827-9A13-C48F2CC82ABF}.Release|Any CPU.ActiveCfg = Release|Any CPU
		{D7CAACE8-518F-4827-9A13-C48F2CC82ABF}.Release|Any CPU.Build.0 = Release|Any CPU
	EndGlobalSection
	GlobalSection(SolutionProperties) = preSolution
		HideSolutionNode = FALSE
	EndGlobalSection
	GlobalSection(ExtensibilityGlobals) = postSolution
		SolutionGuid = {F85B403D-464E-4AAC-ADC4-823A6C67754E}
	EndGlobalSection
EndGlobal
